// !$*UTF8*$!
{
	archiveVersion = 1;
	classes = {
	};
	objectVersion = 50;
	objects = {

/* Begin PBXBuildFile section */
		17232CE113B333C4967F148B /* Pods_scan2planTests.framework in Frameworks */ = {isa = PBXBuildFile; fileRef = 550C2EBF541E7B69B3514A71 /* Pods_scan2planTests.framework */; };
		3755F5BD2169464500B04493 /* ProfileViewController.swift in Sources */ = {isa = PBXBuildFile; fileRef = 3755F5BC2169464500B04493 /* ProfileViewController.swift */; };
		8827D5F8967FCF02FEA4B4F9 /* Pods_scan2planUITests.framework in Frameworks */ = {isa = PBXBuildFile; fileRef = D69BCA42F5F87EAEE97549CE /* Pods_scan2planUITests.framework */; };
		9A24195A404FBCF781D98F94 /* Pods_scan2plan.framework in Frameworks */ = {isa = PBXBuildFile; fileRef = F86D69045B9D8A4D1FE6BBFC /* Pods_scan2plan.framework */; };
		AEDCE53D21693C23003C260D /* AppDelegate.swift in Sources */ = {isa = PBXBuildFile; fileRef = AEDCE53C21693C23003C260D /* AppDelegate.swift */; };
		AEDCE53F21693C23003C260D /* ViewController.swift in Sources */ = {isa = PBXBuildFile; fileRef = AEDCE53E21693C23003C260D /* ViewController.swift */; };
		AEDCE54221693C23003C260D /* Main.storyboard in Resources */ = {isa = PBXBuildFile; fileRef = AEDCE54021693C23003C260D /* Main.storyboard */; };
		AEDCE54421693C24003C260D /* Assets.xcassets in Resources */ = {isa = PBXBuildFile; fileRef = AEDCE54321693C24003C260D /* Assets.xcassets */; };
		AEDCE54721693C24003C260D /* LaunchScreen.storyboard in Resources */ = {isa = PBXBuildFile; fileRef = AEDCE54521693C24003C260D /* LaunchScreen.storyboard */; };
		AEDCE55221693C24003C260D /* scan2planTests.swift in Sources */ = {isa = PBXBuildFile; fileRef = AEDCE55121693C24003C260D /* scan2planTests.swift */; };
		AEDCE55D21693C24003C260D /* scan2planUITests.swift in Sources */ = {isa = PBXBuildFile; fileRef = AEDCE55C21693C24003C260D /* scan2planUITests.swift */; };
		E4239193218BB9980007DC88 /* UploadViewController.swift in Sources */ = {isa = PBXBuildFile; fileRef = E4239192218BB9980007DC88 /* UploadViewController.swift */; };
/* End PBXBuildFile section */

/* Begin PBXContainerItemProxy section */
		AEDCE54E21693C24003C260D /* PBXContainerItemProxy */ = {
			isa = PBXContainerItemProxy;
			containerPortal = AEDCE53121693C23003C260D /* Project object */;
			proxyType = 1;
			remoteGlobalIDString = AEDCE53821693C23003C260D;
			remoteInfo = scan2plan;
		};
		AEDCE55921693C24003C260D /* PBXContainerItemProxy */ = {
			isa = PBXContainerItemProxy;
			containerPortal = AEDCE53121693C23003C260D /* Project object */;
			proxyType = 1;
			remoteGlobalIDString = AEDCE53821693C23003C260D;
			remoteInfo = scan2plan;
		};
/* End PBXContainerItemProxy section */

/* Begin PBXFileReference section */
		0DD0F1184609348821D6080F /* Pods-scan2planUITests.debug.xcconfig */ = {isa = PBXFileReference; includeInIndex = 1; lastKnownFileType = text.xcconfig; name = "Pods-scan2planUITests.debug.xcconfig"; path = "Pods/Target Support Files/Pods-scan2planUITests/Pods-scan2planUITests.debug.xcconfig"; sourceTree = "<group>"; };
		3755F5BC2169464500B04493 /* ProfileViewController.swift */ = {isa = PBXFileReference; lastKnownFileType = sourcecode.swift; path = ProfileViewController.swift; sourceTree = "<group>"; };
		550C2EBF541E7B69B3514A71 /* Pods_scan2planTests.framework */ = {isa = PBXFileReference; explicitFileType = wrapper.framework; includeInIndex = 0; path = Pods_scan2planTests.framework; sourceTree = BUILT_PRODUCTS_DIR; };
		6BCD2E727CBC0F69768972F4 /* Pods-scan2planTests.release.xcconfig */ = {isa = PBXFileReference; includeInIndex = 1; lastKnownFileType = text.xcconfig; name = "Pods-scan2planTests.release.xcconfig"; path = "Pods/Target Support Files/Pods-scan2planTests/Pods-scan2planTests.release.xcconfig"; sourceTree = "<group>"; };
		88969575E1DC1B1B0673E818 /* Pods-scan2plan.debug.xcconfig */ = {isa = PBXFileReference; includeInIndex = 1; lastKnownFileType = text.xcconfig; name = "Pods-scan2plan.debug.xcconfig"; path = "Pods/Target Support Files/Pods-scan2plan/Pods-scan2plan.debug.xcconfig"; sourceTree = "<group>"; };
		AEDCE53921693C23003C260D /* scan2plan.app */ = {isa = PBXFileReference; explicitFileType = wrapper.application; includeInIndex = 0; path = scan2plan.app; sourceTree = BUILT_PRODUCTS_DIR; };
		AEDCE53C21693C23003C260D /* AppDelegate.swift */ = {isa = PBXFileReference; lastKnownFileType = sourcecode.swift; path = AppDelegate.swift; sourceTree = "<group>"; };
		AEDCE53E21693C23003C260D /* ViewController.swift */ = {isa = PBXFileReference; lastKnownFileType = sourcecode.swift; path = ViewController.swift; sourceTree = "<group>"; };
		AEDCE54121693C23003C260D /* Base */ = {isa = PBXFileReference; lastKnownFileType = file.storyboard; name = Base; path = Base.lproj/Main.storyboard; sourceTree = "<group>"; };
		AEDCE54321693C24003C260D /* Assets.xcassets */ = {isa = PBXFileReference; lastKnownFileType = folder.assetcatalog; path = Assets.xcassets; sourceTree = "<group>"; };
		AEDCE54621693C24003C260D /* Base */ = {isa = PBXFileReference; lastKnownFileType = file.storyboard; name = Base; path = Base.lproj/LaunchScreen.storyboard; sourceTree = "<group>"; };
		AEDCE54821693C24003C260D /* Info.plist */ = {isa = PBXFileReference; lastKnownFileType = text.plist.xml; path = Info.plist; sourceTree = "<group>"; };
		AEDCE54D21693C24003C260D /* scan2planTests.xctest */ = {isa = PBXFileReference; explicitFileType = wrapper.cfbundle; includeInIndex = 0; path = scan2planTests.xctest; sourceTree = BUILT_PRODUCTS_DIR; };
		AEDCE55121693C24003C260D /* scan2planTests.swift */ = {isa = PBXFileReference; lastKnownFileType = sourcecode.swift; path = scan2planTests.swift; sourceTree = "<group>"; };
		AEDCE55321693C24003C260D /* Info.plist */ = {isa = PBXFileReference; lastKnownFileType = text.plist.xml; path = Info.plist; sourceTree = "<group>"; };
		AEDCE55821693C24003C260D /* scan2planUITests.xctest */ = {isa = PBXFileReference; explicitFileType = wrapper.cfbundle; includeInIndex = 0; path = scan2planUITests.xctest; sourceTree = BUILT_PRODUCTS_DIR; };
		AEDCE55C21693C24003C260D /* scan2planUITests.swift */ = {isa = PBXFileReference; lastKnownFileType = sourcecode.swift; path = scan2planUITests.swift; sourceTree = "<group>"; };
		AEDCE55E21693C24003C260D /* Info.plist */ = {isa = PBXFileReference; lastKnownFileType = text.plist.xml; path = Info.plist; sourceTree = "<group>"; };
		C55A3A4B35849066ADB20A55 /* Pods-scan2planUITests.release.xcconfig */ = {isa = PBXFileReference; includeInIndex = 1; lastKnownFileType = text.xcconfig; name = "Pods-scan2planUITests.release.xcconfig"; path = "Pods/Target Support Files/Pods-scan2planUITests/Pods-scan2planUITests.release.xcconfig"; sourceTree = "<group>"; };
		D69BCA42F5F87EAEE97549CE /* Pods_scan2planUITests.framework */ = {isa = PBXFileReference; explicitFileType = wrapper.framework; includeInIndex = 0; path = Pods_scan2planUITests.framework; sourceTree = BUILT_PRODUCTS_DIR; };
		E4239192218BB9980007DC88 /* UploadViewController.swift */ = {isa = PBXFileReference; lastKnownFileType = sourcecode.swift; path = UploadViewController.swift; sourceTree = "<group>"; };
		EBEA46F1033E4F4CD0083AFC /* Pods-scan2planTests.debug.xcconfig */ = {isa = PBXFileReference; includeInIndex = 1; lastKnownFileType = text.xcconfig; name = "Pods-scan2planTests.debug.xcconfig"; path = "Pods/Target Support Files/Pods-scan2planTests/Pods-scan2planTests.debug.xcconfig"; sourceTree = "<group>"; };
		F46DE6A70B244CA4D9CEFCFA /* Pods-scan2plan.release.xcconfig */ = {isa = PBXFileReference; includeInIndex = 1; lastKnownFileType = text.xcconfig; name = "Pods-scan2plan.release.xcconfig"; path = "Pods/Target Support Files/Pods-scan2plan/Pods-scan2plan.release.xcconfig"; sourceTree = "<group>"; };
		F86D69045B9D8A4D1FE6BBFC /* Pods_scan2plan.framework */ = {isa = PBXFileReference; explicitFileType = wrapper.framework; includeInIndex = 0; path = Pods_scan2plan.framework; sourceTree = BUILT_PRODUCTS_DIR; };
/* End PBXFileReference section */

/* Begin PBXFrameworksBuildPhase section */
		AEDCE53621693C23003C260D /* Frameworks */ = {
			isa = PBXFrameworksBuildPhase;
			buildActionMask = 2147483647;
			files = (
				9A24195A404FBCF781D98F94 /* Pods_scan2plan.framework in Frameworks */,
			);
			runOnlyForDeploymentPostprocessing = 0;
		};
		AEDCE54A21693C24003C260D /* Frameworks */ = {
			isa = PBXFrameworksBuildPhase;
			buildActionMask = 2147483647;
			files = (
				17232CE113B333C4967F148B /* Pods_scan2planTests.framework in Frameworks */,
			);
			runOnlyForDeploymentPostprocessing = 0;
		};
		AEDCE55521693C24003C260D /* Frameworks */ = {
			isa = PBXFrameworksBuildPhase;
			buildActionMask = 2147483647;
			files = (
				8827D5F8967FCF02FEA4B4F9 /* Pods_scan2planUITests.framework in Frameworks */,
			);
			runOnlyForDeploymentPostprocessing = 0;
		};
/* End PBXFrameworksBuildPhase section */

/* Begin PBXGroup section */
		2FECF6078BDE33652CC8AC91 /* Frameworks */ = {
			isa = PBXGroup;
			children = (
				F86D69045B9D8A4D1FE6BBFC /* Pods_scan2plan.framework */,
				550C2EBF541E7B69B3514A71 /* Pods_scan2planTests.framework */,
				D69BCA42F5F87EAEE97549CE /* Pods_scan2planUITests.framework */,
			);
			name = Frameworks;
			sourceTree = "<group>";
		};
		AEDCE53021693C23003C260D = {
			isa = PBXGroup;
			children = (
				AEDCE53B21693C23003C260D /* scan2plan */,
				AEDCE55021693C24003C260D /* scan2planTests */,
				AEDCE55B21693C24003C260D /* scan2planUITests */,
				AEDCE53A21693C23003C260D /* Products */,
				EC1E76E7D310733CAABDCA4C /* Pods */,
				2FECF6078BDE33652CC8AC91 /* Frameworks */,
			);
			sourceTree = "<group>";
		};
		AEDCE53A21693C23003C260D /* Products */ = {
			isa = PBXGroup;
			children = (
				AEDCE53921693C23003C260D /* scan2plan.app */,
				AEDCE54D21693C24003C260D /* scan2planTests.xctest */,
				AEDCE55821693C24003C260D /* scan2planUITests.xctest */,
			);
			name = Products;
			sourceTree = "<group>";
		};
		AEDCE53B21693C23003C260D /* scan2plan */ = {
			isa = PBXGroup;
			children = (
				AEDCE53C21693C23003C260D /* AppDelegate.swift */,
				AEDCE53E21693C23003C260D /* ViewController.swift */,
				3755F5BC2169464500B04493 /* ProfileViewController.swift */,
				AEDCE54021693C23003C260D /* Main.storyboard */,
				E4239192218BB9980007DC88 /* UploadViewController.swift */,
				AEDCE54321693C24003C260D /* Assets.xcassets */,
				AEDCE54521693C24003C260D /* LaunchScreen.storyboard */,
				AEDCE54821693C24003C260D /* Info.plist */,
			);
			path = scan2plan;
			sourceTree = "<group>";
		};
		AEDCE55021693C24003C260D /* scan2planTests */ = {
			isa = PBXGroup;
			children = (
				AEDCE55121693C24003C260D /* scan2planTests.swift */,
				AEDCE55321693C24003C260D /* Info.plist */,
			);
			path = scan2planTests;
			sourceTree = "<group>";
		};
		AEDCE55B21693C24003C260D /* scan2planUITests */ = {
			isa = PBXGroup;
			children = (
				AEDCE55C21693C24003C260D /* scan2planUITests.swift */,
				AEDCE55E21693C24003C260D /* Info.plist */,
			);
			path = scan2planUITests;
			sourceTree = "<group>";
		};
		EC1E76E7D310733CAABDCA4C /* Pods */ = {
			isa = PBXGroup;
			children = (
				88969575E1DC1B1B0673E818 /* Pods-scan2plan.debug.xcconfig */,
				F46DE6A70B244CA4D9CEFCFA /* Pods-scan2plan.release.xcconfig */,
				EBEA46F1033E4F4CD0083AFC /* Pods-scan2planTests.debug.xcconfig */,
				6BCD2E727CBC0F69768972F4 /* Pods-scan2planTests.release.xcconfig */,
				0DD0F1184609348821D6080F /* Pods-scan2planUITests.debug.xcconfig */,
				C55A3A4B35849066ADB20A55 /* Pods-scan2planUITests.release.xcconfig */,
			);
			name = Pods;
			sourceTree = "<group>";
		};
/* End PBXGroup section */

/* Begin PBXNativeTarget section */
		AEDCE53821693C23003C260D /* scan2plan */ = {
			isa = PBXNativeTarget;
			buildConfigurationList = AEDCE56121693C24003C260D /* Build configuration list for PBXNativeTarget "scan2plan" */;
			buildPhases = (
				2D6AE6527456F0B558818DE8 /* [CP] Check Pods Manifest.lock */,
				AEDCE53521693C23003C260D /* Sources */,
				AEDCE53621693C23003C260D /* Frameworks */,
				AEDCE53721693C23003C260D /* Resources */,
				4050DACC8F776C07B8490A00 /* [CP] Embed Pods Frameworks */,
				A682E1B940DDE45D63D96842 /* [CP] Copy Pods Resources */,
			);
			buildRules = (
			);
			dependencies = (
			);
			name = scan2plan;
			productName = scan2plan;
			productReference = AEDCE53921693C23003C260D /* scan2plan.app */;
			productType = "com.apple.product-type.application";
		};
		AEDCE54C21693C24003C260D /* scan2planTests */ = {
			isa = PBXNativeTarget;
			buildConfigurationList = AEDCE56421693C24003C260D /* Build configuration list for PBXNativeTarget "scan2planTests" */;
			buildPhases = (
				F6B7B5689550606D175DF61B /* [CP] Check Pods Manifest.lock */,
				AEDCE54921693C24003C260D /* Sources */,
				AEDCE54A21693C24003C260D /* Frameworks */,
				AEDCE54B21693C24003C260D /* Resources */,
			);
			buildRules = (
			);
			dependencies = (
				AEDCE54F21693C24003C260D /* PBXTargetDependency */,
			);
			name = scan2planTests;
			productName = scan2planTests;
			productReference = AEDCE54D21693C24003C260D /* scan2planTests.xctest */;
			productType = "com.apple.product-type.bundle.unit-test";
		};
		AEDCE55721693C24003C260D /* scan2planUITests */ = {
			isa = PBXNativeTarget;
			buildConfigurationList = AEDCE56721693C24003C260D /* Build configuration list for PBXNativeTarget "scan2planUITests" */;
			buildPhases = (
				08CDEC876693B112AAF6AFE7 /* [CP] Check Pods Manifest.lock */,
				AEDCE55421693C24003C260D /* Sources */,
				AEDCE55521693C24003C260D /* Frameworks */,
				AEDCE55621693C24003C260D /* Resources */,
			);
			buildRules = (
			);
			dependencies = (
				AEDCE55A21693C24003C260D /* PBXTargetDependency */,
			);
			name = scan2planUITests;
			productName = scan2planUITests;
			productReference = AEDCE55821693C24003C260D /* scan2planUITests.xctest */;
			productType = "com.apple.product-type.bundle.ui-testing";
		};
/* End PBXNativeTarget section */

/* Begin PBXProject section */
		AEDCE53121693C23003C260D /* Project object */ = {
			isa = PBXProject;
			attributes = {
				LastSwiftUpdateCheck = 1000;
				LastUpgradeCheck = 1000;
				ORGANIZATIONNAME = CS196Illinois;
				TargetAttributes = {
					AEDCE53821693C23003C260D = {
						CreatedOnToolsVersion = 10.0;
					};
					AEDCE54C21693C24003C260D = {
						CreatedOnToolsVersion = 10.0;
						TestTargetID = AEDCE53821693C23003C260D;
					};
					AEDCE55721693C24003C260D = {
						CreatedOnToolsVersion = 10.0;
						TestTargetID = AEDCE53821693C23003C260D;
					};
				};
			};
			buildConfigurationList = AEDCE53421693C23003C260D /* Build configuration list for PBXProject "scan2plan" */;
			compatibilityVersion = "Xcode 9.3";
			developmentRegion = en;
			hasScannedForEncodings = 0;
			knownRegions = (
				en,
				Base,
			);
			mainGroup = AEDCE53021693C23003C260D;
			productRefGroup = AEDCE53A21693C23003C260D /* Products */;
			projectDirPath = "";
			projectRoot = "";
			targets = (
				AEDCE53821693C23003C260D /* scan2plan */,
				AEDCE54C21693C24003C260D /* scan2planTests */,
				AEDCE55721693C24003C260D /* scan2planUITests */,
			);
		};
/* End PBXProject section */

/* Begin PBXResourcesBuildPhase section */
		AEDCE53721693C23003C260D /* Resources */ = {
			isa = PBXResourcesBuildPhase;
			buildActionMask = 2147483647;
			files = (
				AEDCE54721693C24003C260D /* LaunchScreen.storyboard in Resources */,
				AEDCE54421693C24003C260D /* Assets.xcassets in Resources */,
				AEDCE54221693C23003C260D /* Main.storyboard in Resources */,
			);
			runOnlyForDeploymentPostprocessing = 0;
		};
		AEDCE54B21693C24003C260D /* Resources */ = {
			isa = PBXResourcesBuildPhase;
			buildActionMask = 2147483647;
			files = (
			);
			runOnlyForDeploymentPostprocessing = 0;
		};
		AEDCE55621693C24003C260D /* Resources */ = {
			isa = PBXResourcesBuildPhase;
			buildActionMask = 2147483647;
			files = (
			);
			runOnlyForDeploymentPostprocessing = 0;
		};
/* End PBXResourcesBuildPhase section */

/* Begin PBXShellScriptBuildPhase section */
		08CDEC876693B112AAF6AFE7 /* [CP] Check Pods Manifest.lock */ = {
			isa = PBXShellScriptBuildPhase;
			buildActionMask = 2147483647;
			files = (
			);
			inputFileListPaths = (
			);
			inputPaths = (
				"${PODS_PODFILE_DIR_PATH}/Podfile.lock",
				"${PODS_ROOT}/Manifest.lock",
			);
			name = "[CP] Check Pods Manifest.lock";
			outputFileListPaths = (
			);
			outputPaths = (
				"$(DERIVED_FILE_DIR)/Pods-scan2planUITests-checkManifestLockResult.txt",
			);
			runOnlyForDeploymentPostprocessing = 0;
			shellPath = /bin/sh;
			shellScript = "diff \"${PODS_PODFILE_DIR_PATH}/Podfile.lock\" \"${PODS_ROOT}/Manifest.lock\" > /dev/null\nif [ $? != 0 ] ; then\n    # print error to STDERR\n    echo \"error: The sandbox is not in sync with the Podfile.lock. Run 'pod install' or update your CocoaPods installation.\" >&2\n    exit 1\nfi\n# This output is used by Xcode 'outputs' to avoid re-running this script phase.\necho \"SUCCESS\" > \"${SCRIPT_OUTPUT_FILE_0}\"\n";
			showEnvVarsInLog = 0;
		};
		2D6AE6527456F0B558818DE8 /* [CP] Check Pods Manifest.lock */ = {
			isa = PBXShellScriptBuildPhase;
			buildActionMask = 2147483647;
			files = (
			);
			inputFileListPaths = (
			);
			inputPaths = (
				"${PODS_PODFILE_DIR_PATH}/Podfile.lock",
				"${PODS_ROOT}/Manifest.lock",
			);
			name = "[CP] Check Pods Manifest.lock";
			outputFileListPaths = (
			);
			outputPaths = (
				"$(DERIVED_FILE_DIR)/Pods-scan2plan-checkManifestLockResult.txt",
			);
			runOnlyForDeploymentPostprocessing = 0;
			shellPath = /bin/sh;
			shellScript = "diff \"${PODS_PODFILE_DIR_PATH}/Podfile.lock\" \"${PODS_ROOT}/Manifest.lock\" > /dev/null\nif [ $? != 0 ] ; then\n    # print error to STDERR\n    echo \"error: The sandbox is not in sync with the Podfile.lock. Run 'pod install' or update your CocoaPods installation.\" >&2\n    exit 1\nfi\n# This output is used by Xcode 'outputs' to avoid re-running this script phase.\necho \"SUCCESS\" > \"${SCRIPT_OUTPUT_FILE_0}\"\n";
			showEnvVarsInLog = 0;
		};
		4050DACC8F776C07B8490A00 /* [CP] Embed Pods Frameworks */ = {
			isa = PBXShellScriptBuildPhase;
			buildActionMask = 2147483647;
			files = (
			);
			inputFileListPaths = (
			);
			inputPaths = (
				"${SRCROOT}/Pods/Target Support Files/Pods-scan2plan/Pods-scan2plan-frameworks.sh",
				"${BUILT_PRODUCTS_DIR}/GTMSessionFetcher/GTMSessionFetcher.framework",
				"${BUILT_PRODUCTS_DIR}/GoogleAPIClientForREST/GoogleAPIClientForREST.framework",
				"${BUILT_PRODUCTS_DIR}/GoogleToolboxForMac/GoogleToolboxForMac.framework",
				"${BUILT_PRODUCTS_DIR}/GoogleUtilities/GoogleUtilities.framework",
				"${BUILT_PRODUCTS_DIR}/Protobuf/Protobuf.framework",
				"${BUILT_PRODUCTS_DIR}/nanopb/nanopb.framework",
			);
			name = "[CP] Embed Pods Frameworks";
			outputFileListPaths = (
			);
			outputPaths = (
				"${TARGET_BUILD_DIR}/${FRAMEWORKS_FOLDER_PATH}/GTMSessionFetcher.framework",
				"${TARGET_BUILD_DIR}/${FRAMEWORKS_FOLDER_PATH}/GoogleAPIClientForREST.framework",
				"${TARGET_BUILD_DIR}/${FRAMEWORKS_FOLDER_PATH}/GoogleToolboxForMac.framework",
				"${TARGET_BUILD_DIR}/${FRAMEWORKS_FOLDER_PATH}/GoogleUtilities.framework",
				"${TARGET_BUILD_DIR}/${FRAMEWORKS_FOLDER_PATH}/Protobuf.framework",
				"${TARGET_BUILD_DIR}/${FRAMEWORKS_FOLDER_PATH}/nanopb.framework",
			);
			runOnlyForDeploymentPostprocessing = 0;
			shellPath = /bin/sh;
			shellScript = "\"${SRCROOT}/Pods/Target Support Files/Pods-scan2plan/Pods-scan2plan-frameworks.sh\"\n";
			showEnvVarsInLog = 0;
		};
		A682E1B940DDE45D63D96842 /* [CP] Copy Pods Resources */ = {
			isa = PBXShellScriptBuildPhase;
			buildActionMask = 2147483647;
			files = (
			);
			inputFileListPaths = (
			);
			inputPaths = (
				"${SRCROOT}/Pods/Target Support Files/Pods-scan2plan/Pods-scan2plan-resources.sh",
				"${PODS_CONFIGURATION_BUILD_DIR}/GoogleMobileVision/GoogleMVTextDetectorResources.bundle",
			);
			name = "[CP] Copy Pods Resources";
			outputFileListPaths = (
			);
			outputPaths = (
				"${TARGET_BUILD_DIR}/${UNLOCALIZED_RESOURCES_FOLDER_PATH}/GoogleMVTextDetectorResources.bundle",
			);
			runOnlyForDeploymentPostprocessing = 0;
			shellPath = /bin/sh;
			shellScript = "\"${SRCROOT}/Pods/Target Support Files/Pods-scan2plan/Pods-scan2plan-resources.sh\"\n";
			showEnvVarsInLog = 0;
		};
		F6B7B5689550606D175DF61B /* [CP] Check Pods Manifest.lock */ = {
			isa = PBXShellScriptBuildPhase;
			buildActionMask = 2147483647;
			files = (
			);
			inputFileListPaths = (
			);
			inputPaths = (
				"${PODS_PODFILE_DIR_PATH}/Podfile.lock",
				"${PODS_ROOT}/Manifest.lock",
			);
			name = "[CP] Check Pods Manifest.lock";
			outputFileListPaths = (
			);
			outputPaths = (
				"$(DERIVED_FILE_DIR)/Pods-scan2planTests-checkManifestLockResult.txt",
			);
			runOnlyForDeploymentPostprocessing = 0;
			shellPath = /bin/sh;
			shellScript = "diff \"${PODS_PODFILE_DIR_PATH}/Podfile.lock\" \"${PODS_ROOT}/Manifest.lock\" > /dev/null\nif [ $? != 0 ] ; then\n    # print error to STDERR\n    echo \"error: The sandbox is not in sync with the Podfile.lock. Run 'pod install' or update your CocoaPods installation.\" >&2\n    exit 1\nfi\n# This output is used by Xcode 'outputs' to avoid re-running this script phase.\necho \"SUCCESS\" > \"${SCRIPT_OUTPUT_FILE_0}\"\n";
			showEnvVarsInLog = 0;
		};
/* End PBXShellScriptBuildPhase section */

/* Begin PBXSourcesBuildPhase section */
		AEDCE53521693C23003C260D /* Sources */ = {
			isa = PBXSourcesBuildPhase;
			buildActionMask = 2147483647;
			files = (
				3755F5BD2169464500B04493 /* ProfileViewController.swift in Sources */,
				E4239193218BB9980007DC88 /* UploadViewController.swift in Sources */,
				AEDCE53F21693C23003C260D /* ViewController.swift in Sources */,
				AEDCE53D21693C23003C260D /* AppDelegate.swift in Sources */,
			);
			runOnlyForDeploymentPostprocessing = 0;
		};
		AEDCE54921693C24003C260D /* Sources */ = {
			isa = PBXSourcesBuildPhase;
			buildActionMask = 2147483647;
			files = (
				AEDCE55221693C24003C260D /* scan2planTests.swift in Sources */,
			);
			runOnlyForDeploymentPostprocessing = 0;
		};
		AEDCE55421693C24003C260D /* Sources */ = {
			isa = PBXSourcesBuildPhase;
			buildActionMask = 2147483647;
			files = (
				AEDCE55D21693C24003C260D /* scan2planUITests.swift in Sources */,
			);
			runOnlyForDeploymentPostprocessing = 0;
		};
/* End PBXSourcesBuildPhase section */

/* Begin PBXTargetDependency section */
		AEDCE54F21693C24003C260D /* PBXTargetDependency */ = {
			isa = PBXTargetDependency;
			target = AEDCE53821693C23003C260D /* scan2plan */;
			targetProxy = AEDCE54E21693C24003C260D /* PBXContainerItemProxy */;
		};
		AEDCE55A21693C24003C260D /* PBXTargetDependency */ = {
			isa = PBXTargetDependency;
			target = AEDCE53821693C23003C260D /* scan2plan */;
			targetProxy = AEDCE55921693C24003C260D /* PBXContainerItemProxy */;
		};
/* End PBXTargetDependency section */

/* Begin PBXVariantGroup section */
		AEDCE54021693C23003C260D /* Main.storyboard */ = {
			isa = PBXVariantGroup;
			children = (
				AEDCE54121693C23003C260D /* Base */,
			);
			name = Main.storyboard;
			sourceTree = "<group>";
		};
		AEDCE54521693C24003C260D /* LaunchScreen.storyboard */ = {
			isa = PBXVariantGroup;
			children = (
				AEDCE54621693C24003C260D /* Base */,
			);
			name = LaunchScreen.storyboard;
			sourceTree = "<group>";
		};
/* End PBXVariantGroup section */

/* Begin XCBuildConfiguration section */
		AEDCE55F21693C24003C260D /* Debug */ = {
			isa = XCBuildConfiguration;
			buildSettings = {
				ALWAYS_SEARCH_USER_PATHS = NO;
				CLANG_ANALYZER_NONNULL = YES;
				CLANG_ANALYZER_NUMBER_OBJECT_CONVERSION = YES_AGGRESSIVE;
				CLANG_CXX_LANGUAGE_STANDARD = "gnu++14";
				CLANG_CXX_LIBRARY = "libc++";
				CLANG_ENABLE_MODULES = YES;
				CLANG_ENABLE_OBJC_ARC = YES;
				CLANG_ENABLE_OBJC_WEAK = YES;
				CLANG_WARN_BLOCK_CAPTURE_AUTORELEASING = YES;
				CLANG_WARN_BOOL_CONVERSION = YES;
				CLANG_WARN_COMMA = YES;
				CLANG_WARN_CONSTANT_CONVERSION = YES;
				CLANG_WARN_DEPRECATED_OBJC_IMPLEMENTATIONS = YES;
				CLANG_WARN_DIRECT_OBJC_ISA_USAGE = YES_ERROR;
				CLANG_WARN_DOCUMENTATION_COMMENTS = YES;
				CLANG_WARN_EMPTY_BODY = YES;
				CLANG_WARN_ENUM_CONVERSION = YES;
				CLANG_WARN_INFINITE_RECURSION = YES;
				CLANG_WARN_INT_CONVERSION = YES;
				CLANG_WARN_NON_LITERAL_NULL_CONVERSION = YES;
				CLANG_WARN_OBJC_IMPLICIT_RETAIN_SELF = YES;
				CLANG_WARN_OBJC_LITERAL_CONVERSION = YES;
				CLANG_WARN_OBJC_ROOT_CLASS = YES_ERROR;
				CLANG_WARN_RANGE_LOOP_ANALYSIS = YES;
				CLANG_WARN_STRICT_PROTOTYPES = YES;
				CLANG_WARN_SUSPICIOUS_MOVE = YES;
				CLANG_WARN_UNGUARDED_AVAILABILITY = YES_AGGRESSIVE;
				CLANG_WARN_UNREACHABLE_CODE = YES;
				CLANG_WARN__DUPLICATE_METHOD_MATCH = YES;
				CODE_SIGN_IDENTITY = "iPhone Developer";
				COPY_PHASE_STRIP = NO;
				DEBUG_INFORMATION_FORMAT = dwarf;
				ENABLE_STRICT_OBJC_MSGSEND = YES;
				ENABLE_TESTABILITY = YES;
				GCC_C_LANGUAGE_STANDARD = gnu11;
				GCC_DYNAMIC_NO_PIC = NO;
				GCC_NO_COMMON_BLOCKS = YES;
				GCC_OPTIMIZATION_LEVEL = 0;
				GCC_PREPROCESSOR_DEFINITIONS = (
					"DEBUG=1",
					"$(inherited)",
				);
				GCC_WARN_64_TO_32_BIT_CONVERSION = YES;
				GCC_WARN_ABOUT_RETURN_TYPE = YES_ERROR;
				GCC_WARN_UNDECLARED_SELECTOR = YES;
				GCC_WARN_UNINITIALIZED_AUTOS = YES_AGGRESSIVE;
				GCC_WARN_UNUSED_FUNCTION = YES;
				GCC_WARN_UNUSED_VARIABLE = YES;
				IPHONEOS_DEPLOYMENT_TARGET = 12.0;
				MTL_ENABLE_DEBUG_INFO = INCLUDE_SOURCE;
				MTL_FAST_MATH = YES;
				ONLY_ACTIVE_ARCH = YES;
				SDKROOT = iphoneos;
				SWIFT_ACTIVE_COMPILATION_CONDITIONS = DEBUG;
				SWIFT_OPTIMIZATION_LEVEL = "-Onone";
			};
			name = Debug;
		};
		AEDCE56021693C24003C260D /* Release */ = {
			isa = XCBuildConfiguration;
			buildSettings = {
				ALWAYS_SEARCH_USER_PATHS = NO;
				CLANG_ANALYZER_NONNULL = YES;
				CLANG_ANALYZER_NUMBER_OBJECT_CONVERSION = YES_AGGRESSIVE;
				CLANG_CXX_LANGUAGE_STANDARD = "gnu++14";
				CLANG_CXX_LIBRARY = "libc++";
				CLANG_ENABLE_MODULES = YES;
				CLANG_ENABLE_OBJC_ARC = YES;
				CLANG_ENABLE_OBJC_WEAK = YES;
				CLANG_WARN_BLOCK_CAPTURE_AUTORELEASING = YES;
				CLANG_WARN_BOOL_CONVERSION = YES;
				CLANG_WARN_COMMA = YES;
				CLANG_WARN_CONSTANT_CONVERSION = YES;
				CLANG_WARN_DEPRECATED_OBJC_IMPLEMENTATIONS = YES;
				CLANG_WARN_DIRECT_OBJC_ISA_USAGE = YES_ERROR;
				CLANG_WARN_DOCUMENTATION_COMMENTS = YES;
				CLANG_WARN_EMPTY_BODY = YES;
				CLANG_WARN_ENUM_CONVERSION = YES;
				CLANG_WARN_INFINITE_RECURSION = YES;
				CLANG_WARN_INT_CONVERSION = YES;
				CLANG_WARN_NON_LITERAL_NULL_CONVERSION = YES;
				CLANG_WARN_OBJC_IMPLICIT_RETAIN_SELF = YES;
				CLANG_WARN_OBJC_LITERAL_CONVERSION = YES;
				CLANG_WARN_OBJC_ROOT_CLASS = YES_ERROR;
				CLANG_WARN_RANGE_LOOP_ANALYSIS = YES;
				CLANG_WARN_STRICT_PROTOTYPES = YES;
				CLANG_WARN_SUSPICIOUS_MOVE = YES;
				CLANG_WARN_UNGUARDED_AVAILABILITY = YES_AGGRESSIVE;
				CLANG_WARN_UNREACHABLE_CODE = YES;
				CLANG_WARN__DUPLICATE_METHOD_MATCH = YES;
				CODE_SIGN_IDENTITY = "iPhone Developer";
				COPY_PHASE_STRIP = NO;
				DEBUG_INFORMATION_FORMAT = "dwarf-with-dsym";
				ENABLE_NS_ASSERTIONS = NO;
				ENABLE_STRICT_OBJC_MSGSEND = YES;
				GCC_C_LANGUAGE_STANDARD = gnu11;
				GCC_NO_COMMON_BLOCKS = YES;
				GCC_WARN_64_TO_32_BIT_CONVERSION = YES;
				GCC_WARN_ABOUT_RETURN_TYPE = YES_ERROR;
				GCC_WARN_UNDECLARED_SELECTOR = YES;
				GCC_WARN_UNINITIALIZED_AUTOS = YES_AGGRESSIVE;
				GCC_WARN_UNUSED_FUNCTION = YES;
				GCC_WARN_UNUSED_VARIABLE = YES;
				IPHONEOS_DEPLOYMENT_TARGET = 12.0;
				MTL_ENABLE_DEBUG_INFO = NO;
				MTL_FAST_MATH = YES;
				SDKROOT = iphoneos;
				SWIFT_COMPILATION_MODE = wholemodule;
				SWIFT_OPTIMIZATION_LEVEL = "-O";
				VALIDATE_PRODUCT = YES;
			};
			name = Release;
		};
		AEDCE56221693C24003C260D /* Debug */ = {
			isa = XCBuildConfiguration;
			baseConfigurationReference = 88969575E1DC1B1B0673E818 /* Pods-scan2plan.debug.xcconfig */;
			buildSettings = {
				ASSETCATALOG_COMPILER_APPICON_NAME = AppIcon;
				CODE_SIGN_STYLE = Automatic;
				DEVELOPMENT_TEAM = TZCK3HW2C2;
				INFOPLIST_FILE = scan2plan/Info.plist;
				LD_RUNPATH_SEARCH_PATHS = (
					"$(inherited)",
					"@executable_path/Frameworks",
				);
				PRODUCT_BUNDLE_IDENTIFIER = scan2plan;
				PRODUCT_NAME = "$(TARGET_NAME)";
				SWIFT_VERSION = 4.2;
				TARGETED_DEVICE_FAMILY = "1,2";
			};
			name = Debug;
		};
		AEDCE56321693C24003C260D /* Release */ = {
			isa = XCBuildConfiguration;
			baseConfigurationReference = F46DE6A70B244CA4D9CEFCFA /* Pods-scan2plan.release.xcconfig */;
			buildSettings = {
				ASSETCATALOG_COMPILER_APPICON_NAME = AppIcon;
				CODE_SIGN_STYLE = Automatic;
				DEVELOPMENT_TEAM = TZCK3HW2C2;
				INFOPLIST_FILE = scan2plan/Info.plist;
				LD_RUNPATH_SEARCH_PATHS = (
					"$(inherited)",
					"@executable_path/Frameworks",
				);
				PRODUCT_BUNDLE_IDENTIFIER = scan2plan;
				PRODUCT_NAME = "$(TARGET_NAME)";
				SWIFT_VERSION = 4.2;
				TARGETED_DEVICE_FAMILY = "1,2";
			};
			name = Release;
		};
		AEDCE56521693C24003C260D /* Debug */ = {
			isa = XCBuildConfiguration;
			baseConfigurationReference = EBEA46F1033E4F4CD0083AFC /* Pods-scan2planTests.debug.xcconfig */;
			buildSettings = {
				ALWAYS_EMBED_SWIFT_STANDARD_LIBRARIES = YES;
				BUNDLE_LOADER = "$(TEST_HOST)";
				CODE_SIGN_STYLE = Automatic;
				INFOPLIST_FILE = scan2planTests/Info.plist;
				LD_RUNPATH_SEARCH_PATHS = (
					"$(inherited)",
					"@executable_path/Frameworks",
					"@loader_path/Frameworks",
				);
				PRODUCT_BUNDLE_IDENTIFIER = com.CS196illinois.scan2planTests;
				PRODUCT_NAME = "$(TARGET_NAME)";
				SWIFT_VERSION = 4.2;
				TARGETED_DEVICE_FAMILY = "1,2";
				TEST_HOST = "$(BUILT_PRODUCTS_DIR)/scan2plan.app/scan2plan";
			};
			name = Debug;
		};
		AEDCE56621693C24003C260D /* Release */ = {
			isa = XCBuildConfiguration;
			baseConfigurationReference = 6BCD2E727CBC0F69768972F4 /* Pods-scan2planTests.release.xcconfig */;
			buildSettings = {
				ALWAYS_EMBED_SWIFT_STANDARD_LIBRARIES = YES;
				BUNDLE_LOADER = "$(TEST_HOST)";
				CODE_SIGN_STYLE = Automatic;
				INFOPLIST_FILE = scan2planTests/Info.plist;
				LD_RUNPATH_SEARCH_PATHS = (
					"$(inherited)",
					"@executable_path/Frameworks",
					"@loader_path/Frameworks",
				);
				PRODUCT_BUNDLE_IDENTIFIER = com.CS196illinois.scan2planTests;
				PRODUCT_NAME = "$(TARGET_NAME)";
				SWIFT_VERSION = 4.2;
				TARGETED_DEVICE_FAMILY = "1,2";
				TEST_HOST = "$(BUILT_PRODUCTS_DIR)/scan2plan.app/scan2plan";
			};
			name = Release;
		};
		AEDCE56821693C24003C260D /* Debug */ = {
			isa = XCBuildConfiguration;
			baseConfigurationReference = 0DD0F1184609348821D6080F /* Pods-scan2planUITests.debug.xcconfig */;
			buildSettings = {
				ALWAYS_EMBED_SWIFT_STANDARD_LIBRARIES = YES;
				CODE_SIGN_STYLE = Automatic;
				INFOPLIST_FILE = scan2planUITests/Info.plist;
				LD_RUNPATH_SEARCH_PATHS = (
					"$(inherited)",
					"@executable_path/Frameworks",
					"@loader_path/Frameworks",
				);
				PRODUCT_BUNDLE_IDENTIFIER = com.CS196illinois.scan2planUITests;
				PRODUCT_NAME = "$(TARGET_NAME)";
				SWIFT_VERSION = 4.2;
				TARGETED_DEVICE_FAMILY = "1,2";
				TEST_TARGET_NAME = scan2plan;
			};
			name = Debug;
		};
		AEDCE56921693C24003C260D /* Release */ = {
			isa = XCBuildConfiguration;
			baseConfigurationReference = C55A3A4B35849066ADB20A55 /* Pods-scan2planUITests.release.xcconfig */;
			buildSettings = {
				ALWAYS_EMBED_SWIFT_STANDARD_LIBRARIES = YES;
				CODE_SIGN_STYLE = Automatic;
				INFOPLIST_FILE = scan2planUITests/Info.plist;
				LD_RUNPATH_SEARCH_PATHS = (
					"$(inherited)",
					"@executable_path/Frameworks",
					"@loader_path/Frameworks",
				);
				PRODUCT_BUNDLE_IDENTIFIER = com.CS196illinois.scan2planUITests;
				PRODUCT_NAME = "$(TARGET_NAME)";
				SWIFT_VERSION = 4.2;
				TARGETED_DEVICE_FAMILY = "1,2";
				TEST_TARGET_NAME = scan2plan;
			};
			name = Release;
		};
/* End XCBuildConfiguration section */

/* Begin XCConfigurationList section */
		AEDCE53421693C23003C260D /* Build configuration list for PBXProject "scan2plan" */ = {
			isa = XCConfigurationList;
			buildConfigurations = (
				AEDCE55F21693C24003C260D /* Debug */,
				AEDCE56021693C24003C260D /* Release */,
			);
			defaultConfigurationIsVisible = 0;
			defaultConfigurationName = Release;
		};
		AEDCE56121693C24003C260D /* Build configuration list for PBXNativeTarget "scan2plan" */ = {
			isa = XCConfigurationList;
			buildConfigurations = (
				AEDCE56221693C24003C260D /* Debug */,
				AEDCE56321693C24003C260D /* Release */,
			);
			defaultConfigurationIsVisible = 0;
			defaultConfigurationName = Release;
		};
		AEDCE56421693C24003C260D /* Build configuration list for PBXNativeTarget "scan2planTests" */ = {
			isa = XCConfigurationList;
			buildConfigurations = (
				AEDCE56521693C24003C260D /* Debug */,
				AEDCE56621693C24003C260D /* Release */,
			);
			defaultConfigurationIsVisible = 0;
			defaultConfigurationName = Release;
		};
		AEDCE56721693C24003C260D /* Build configuration list for PBXNativeTarget "scan2planUITests" */ = {
			isa = XCConfigurationList;
			buildConfigurations = (
				AEDCE56821693C24003C260D /* Debug */,
				AEDCE56921693C24003C260D /* Release */,
			);
			defaultConfigurationIsVisible = 0;
			defaultConfigurationName = Release;
		};
/* End XCConfigurationList section */
	};
	rootObject = AEDCE53121693C23003C260D /* Project object */;
}
