PODS:
  - GoogleMobileVision/Detector (1.4.1):
    - GoogleToolboxForMac/Logger (~> 2.1)
    - "GoogleToolboxForMac/NSData+zlib (~> 2.1)"
    - GTMSessionFetcher/Core (~> 1.1)
    - Protobuf (~> 3.1)
  - GoogleMobileVision/TextDetector (1.4.1):
    - GoogleMobileVision/Detector (~> 1.4)
  - GoogleToolboxForMac/Defines (2.1.4)
  - GoogleToolboxForMac/Logger (2.1.4):
    - GoogleToolboxForMac/Defines (= 2.1.4)
  - "GoogleToolboxForMac/NSData+zlib (2.1.4)":
    - GoogleToolboxForMac/Defines (= 2.1.4)
  - GTMSessionFetcher/Core (1.2.0)
  - Protobuf (3.6.1)

DEPENDENCIES:
  - GoogleMobileVision/TextDetector

SPEC REPOS:
  https://github.com/cocoapods/specs.git:
    - GoogleMobileVision
    - GoogleToolboxForMac
    - GTMSessionFetcher
    - Protobuf

SPEC CHECKSUMS:
  GoogleMobileVision: bedef12c0924e948fc09b8f1b38c5fe1a3594b6f
  GoogleToolboxForMac: 91c824d21e85b31c2aae9bb011c5027c9b4e738f
  GTMSessionFetcher: 0c4baf0a73acd0041bf9f71ea018deedab5ea84e
  Protobuf: 1eb9700044745f00181c136ef21b8ff3ad5a0fd5

PODFILE CHECKSUM: ea8babf4dd7d68b033568b53959e5f3575ece2e2

COCOAPODS: 1.5.3
